
Microsoft Visual Studio Solution File, Format Version 12.00
# Visual Studio Version 17
VisualStudioVersion = 17.14.36119.2 d17.14
MinimumVisualStudioVersion = 10.0.40219.1
Project("{FAE04EC0-301F-11D3-BF4B-00C04F79EFBC}") = "Toll Collection System For My C# Evedence Exam", "Toll Collection System For My C# Evedence Exam\Toll Collection System For My C# Evedence Exam.csproj", "{7B32A02D-CA1F-4C6D-A8E1-BF927DD425C6}"
EndProject
Global
	GlobalSection(SolutionConfigurationPlatforms) = preSolution
		Debug|Any CPU = Debug|Any CPU
		Release|Any CPU = Release|Any CPU
	EndGlobalSection
	GlobalSection(ProjectConfigurationPlatforms) = postSolution
		{7B32A02D-CA1F-4C6D-A8E1-BF927DD425C6}.Debug|Any CPU.ActiveCfg = Debug|Any CPU
		{7B32A02D-CA1F-4C6D-A8E1-BF927DD425C6}.Debug|Any CPU.Build.0 = Debug|Any CPU
		{7B32A02D-CA1F-4C6D-A8E1-BF927DD425C6}.Release|Any CPU.ActiveCfg = Release|Any CPU
		{7B32A02D-CA1F-4C6D-A8E1-BF927DD425C6}.Release|Any CPU.Build.0 = Release|Any CPU
	EndGlobalSection
	GlobalSection(SolutionProperties) = preSolution
		HideSolutionNode = FALSE
	EndGlobalSection
	GlobalSection(ExtensibilityGlobals) = postSolution
		SolutionGuid = {627C643D-67DF-4355-BF5F-F375F4663F9B}
	EndGlobalSection
EndGlobal
